
Microsoft Visual Studio Solution File, Format Version 12.00
# Visual Studio Version 17
VisualStudioVersion = 17.11.35219.272
MinimumVisualStudioVersion = 10.0.40219.1
Project("{FAE04EC0-301F-11D3-BF4B-00C04F79EFBC}") = "Week 2 Exercise 2", "Week 2 Exercise 2\Week 2 Exercise 2.csproj", "{3FE8A207-FA97-45B3-83BF-1C11AA1E60B3}"
EndProject
Global
	GlobalSection(SolutionConfigurationPlatforms) = preSolution
		Debug|Any CPU = Debug|Any CPU
		Release|Any CPU = Release|Any CPU
	EndGlobalSection
	GlobalSection(ProjectConfigurationPlatforms) = postSolution
		{3FE8A207-FA97-45B3-83BF-1C11AA1E60B3}.Debug|Any CPU.ActiveCfg = Debug|Any CPU
		{3FE8A207-FA97-45B3-83BF-1C11AA1E60B3}.Debug|Any CPU.Build.0 = Debug|Any CPU
		{3FE8A207-FA97-45B3-83BF-1C11AA1E60B3}.Release|Any CPU.ActiveCfg = Release|Any CPU
		{3FE8A207-FA97-45B3-83BF-1C11AA1E60B3}.Release|Any CPU.Build.0 = Release|Any CPU
	EndGlobalSection
	GlobalSection(SolutionProperties) = preSolution
		HideSolutionNode = FALSE
	EndGlobalSection
	GlobalSection(ExtensibilityGlobals) = postSolution
		SolutionGuid = {E332F974-1AF3-4AFB-9DCE-8DAE115152AA}
	EndGlobalSection
EndGlobal
